// !$*UTF8*$!
{
	archiveVersion = 1;
	classes = {
	};
	objectVersion = 56;
	objects = {

/* Begin PBXBuildFile section */
		3BCF2D192B23F6F30077FE5F /* FirebaseAnalytics in Frameworks */ = {isa = PBXBuildFile; productRef = 3BCF2D182B23F6F30077FE5F /* FirebaseAnalytics */; };
		3BCF2D1B2B23F6F30077FE5F /* FirebaseAnalyticsOnDeviceConversion in Frameworks */ = {isa = PBXBuildFile; productRef = 3BCF2D1A2B23F6F30077FE5F /* FirebaseAnalyticsOnDeviceConversion */; };
		3BCF2D1D2B23F6F30077FE5F /* FirebaseAnalyticsSwift in Frameworks */ = {isa = PBXBuildFile; productRef = 3BCF2D1C2B23F6F30077FE5F /* FirebaseAnalyticsSwift */; };
		3BCF2D1F2B23F6F30077FE5F /* FirebaseAnalyticsWithoutAdIdSupport in Frameworks */ = {isa = PBXBuildFile; productRef = 3BCF2D1E2B23F6F30077FE5F /* FirebaseAnalyticsWithoutAdIdSupport */; };
		3BCF2D212B23F6F30077FE5F /* FirebaseAppCheck in Frameworks */ = {isa = PBXBuildFile; productRef = 3BCF2D202B23F6F30077FE5F /* FirebaseAppCheck */; };
		3BCF2D232B23F6F30077FE5F /* FirebaseAppDistribution-Beta in Frameworks */ = {isa = PBXBuildFile; productRef = 3BCF2D222B23F6F30077FE5F /* FirebaseAppDistribution-Beta */; };
		3BCF2D252B23F6F30077FE5F /* FirebaseAuth in Frameworks */ = {isa = PBXBuildFile; productRef = 3BCF2D242B23F6F30077FE5F /* FirebaseAuth */; };
		3BCF2D272B23F6F30077FE5F /* FirebaseAuthCombine-Community in Frameworks */ = {isa = PBXBuildFile; productRef = 3BCF2D262B23F6F30077FE5F /* FirebaseAuthCombine-Community */; };
		3BCF2D292B23F6F30077FE5F /* FirebaseCrashlytics in Frameworks */ = {isa = PBXBuildFile; productRef = 3BCF2D282B23F6F30077FE5F /* FirebaseCrashlytics */; };
		3BCF2D2B2B23F6F40077FE5F /* FirebaseDatabase in Frameworks */ = {isa = PBXBuildFile; productRef = 3BCF2D2A2B23F6F30077FE5F /* FirebaseDatabase */; };
		3BCF2D2D2B23F6F40077FE5F /* FirebaseDatabaseSwift in Frameworks */ = {isa = PBXBuildFile; productRef = 3BCF2D2C2B23F6F40077FE5F /* FirebaseDatabaseSwift */; };
		3BCF2D2F2B23F6F40077FE5F /* FirebaseDynamicLinks in Frameworks */ = {isa = PBXBuildFile; productRef = 3BCF2D2E2B23F6F40077FE5F /* FirebaseDynamicLinks */; };
		3BCF2D312B23F6F40077FE5F /* FirebaseFirestore in Frameworks */ = {isa = PBXBuildFile; productRef = 3BCF2D302B23F6F40077FE5F /* FirebaseFirestore */; };
		3BCF2D332B23F6F40077FE5F /* FirebaseFirestoreCombine-Community in Frameworks */ = {isa = PBXBuildFile; productRef = 3BCF2D322B23F6F40077FE5F /* FirebaseFirestoreCombine-Community */; };
		3BCF2D352B23F6F40077FE5F /* FirebaseFirestoreSwift in Frameworks */ = {isa = PBXBuildFile; productRef = 3BCF2D342B23F6F40077FE5F /* FirebaseFirestoreSwift */; };
		3BCF2D372B23F6F40077FE5F /* FirebaseFunctions in Frameworks */ = {isa = PBXBuildFile; productRef = 3BCF2D362B23F6F40077FE5F /* FirebaseFunctions */; };
		3BCF2D392B23F6F40077FE5F /* FirebaseFunctionsCombine-Community in Frameworks */ = {isa = PBXBuildFile; productRef = 3BCF2D382B23F6F40077FE5F /* FirebaseFunctionsCombine-Community */; };
		3BCF2D3B2B23F6F40077FE5F /* FirebaseInAppMessaging-Beta in Frameworks */ = {isa = PBXBuildFile; productRef = 3BCF2D3A2B23F6F40077FE5F /* FirebaseInAppMessaging-Beta */; };
		3BCF2D3D2B23F6F40077FE5F /* FirebaseInAppMessagingSwift-Beta in Frameworks */ = {isa = PBXBuildFile; productRef = 3BCF2D3C2B23F6F40077FE5F /* FirebaseInAppMessagingSwift-Beta */; };
		3BCF2D3F2B23F6F40077FE5F /* FirebaseInstallations in Frameworks */ = {isa = PBXBuildFile; productRef = 3BCF2D3E2B23F6F40077FE5F /* FirebaseInstallations */; };
		3BCF2D412B23F6F40077FE5F /* FirebaseMLModelDownloader in Frameworks */ = {isa = PBXBuildFile; productRef = 3BCF2D402B23F6F40077FE5F /* FirebaseMLModelDownloader */; };
		3BCF2D432B23F6F40077FE5F /* FirebaseMessaging in Frameworks */ = {isa = PBXBuildFile; productRef = 3BCF2D422B23F6F40077FE5F /* FirebaseMessaging */; };
		3BCF2D452B23F6F40077FE5F /* FirebasePerformance in Frameworks */ = {isa = PBXBuildFile; productRef = 3BCF2D442B23F6F40077FE5F /* FirebasePerformance */; };
		3BCF2D472B23F6F40077FE5F /* FirebaseRemoteConfig in Frameworks */ = {isa = PBXBuildFile; productRef = 3BCF2D462B23F6F40077FE5F /* FirebaseRemoteConfig */; };
		3BCF2D492B23F6F40077FE5F /* FirebaseRemoteConfigSwift in Frameworks */ = {isa = PBXBuildFile; productRef = 3BCF2D482B23F6F40077FE5F /* FirebaseRemoteConfigSwift */; };
		3BCF2D4B2B23F6F40077FE5F /* FirebaseStorage in Frameworks */ = {isa = PBXBuildFile; productRef = 3BCF2D4A2B23F6F40077FE5F /* FirebaseStorage */; };
		3BCF2D4D2B23F6F40077FE5F /* FirebaseStorageCombine-Community in Frameworks */ = {isa = PBXBuildFile; productRef = 3BCF2D4C2B23F6F40077FE5F /* FirebaseStorageCombine-Community */; };
		3BCF2D512B2428C50077FE5F /* MapPage.swift in Sources */ = {isa = PBXBuildFile; fileRef = 3BCF2D502B2428C50077FE5F /* MapPage.swift */; };
		3BCF2D532B242A5B0077FE5F /* LocationHelper.swift in Sources */ = {isa = PBXBuildFile; fileRef = 3BCF2D522B242A5B0077FE5F /* LocationHelper.swift */; };
		8442A94C2B1671CA004DCC5A /* CollegeDeliveryApp.swift in Sources */ = {isa = PBXBuildFile; fileRef = 8442A94B2B1671CA004DCC5A /* CollegeDeliveryApp.swift */; };
		8442A94E2B1671CA004DCC5A /* ContentView.swift in Sources */ = {isa = PBXBuildFile; fileRef = 8442A94D2B1671CA004DCC5A /* ContentView.swift */; };
		8442A9502B1671CE004DCC5A /* Assets.xcassets in Resources */ = {isa = PBXBuildFile; fileRef = 8442A94F2B1671CE004DCC5A /* Assets.xcassets */; };
		8442A9532B1671CE004DCC5A /* Preview Assets.xcassets in Resources */ = {isa = PBXBuildFile; fileRef = 8442A9522B1671CE004DCC5A /* Preview Assets.xcassets */; };
		8442A95A2B17992D004DCC5A /* GoogleService-Info.plist in Resources */ = {isa = PBXBuildFile; fileRef = 8442A9592B17992D004DCC5A /* GoogleService-Info.plist */; };
		8442A95D2B17A67D004DCC5A /* FirebaseAnalytics in Frameworks */ = {isa = PBXBuildFile; productRef = 8442A95C2B17A67D004DCC5A /* FirebaseAnalytics */; };
		8442A95F2B17A67D004DCC5A /* FirebaseAnalyticsOnDeviceConversion in Frameworks */ = {isa = PBXBuildFile; productRef = 8442A95E2B17A67D004DCC5A /* FirebaseAnalyticsOnDeviceConversion */; };
		8442A9612B17A67D004DCC5A /* FirebaseAnalyticsSwift in Frameworks */ = {isa = PBXBuildFile; productRef = 8442A9602B17A67D004DCC5A /* FirebaseAnalyticsSwift */; };
		8442A9632B17A67D004DCC5A /* FirebaseAnalyticsWithoutAdIdSupport in Frameworks */ = {isa = PBXBuildFile; productRef = 8442A9622B17A67D004DCC5A /* FirebaseAnalyticsWithoutAdIdSupport */; };
		8442A9652B17A67D004DCC5A /* FirebaseAppCheck in Frameworks */ = {isa = PBXBuildFile; productRef = 8442A9642B17A67D004DCC5A /* FirebaseAppCheck */; };
		8442A9682B17B13D004DCC5A /* Item.swift in Sources */ = {isa = PBXBuildFile; fileRef = 8442A9672B17B13D004DCC5A /* Item.swift */; };
		84C9FD812B17B5D6001589A4 /* FireDBHelper.swift in Sources */ = {isa = PBXBuildFile; fileRef = 84C9FD802B17B5D6001589A4 /* FireDBHelper.swift */; };
		84C9FD842B17BCE2001589A4 /* HomePage.swift in Sources */ = {isa = PBXBuildFile; fileRef = 84C9FD832B17BCE2001589A4 /* HomePage.swift */; };
		84C9FD862B17BD17001589A4 /* ItemListingPage.swift in Sources */ = {isa = PBXBuildFile; fileRef = 84C9FD852B17BD17001589A4 /* ItemListingPage.swift */; };
		84C9FD882B17BDF2001589A4 /* PostItemPage.swift in Sources */ = {isa = PBXBuildFile; fileRef = 84C9FD872B17BDF2001589A4 /* PostItemPage.swift */; };
		84C9FD8A2B17BE2C001589A4 /* RequestManagementPage.swift in Sources */ = {isa = PBXBuildFile; fileRef = 84C9FD892B17BE2C001589A4 /* RequestManagementPage.swift */; };
		E61D8A8F2B2774DA00E8DE49 /* ManageItems.swift in Sources */ = {isa = PBXBuildFile; fileRef = E61D8A8E2B2774DA00E8DE49 /* ManageItems.swift */; };
		E61D8A912B27C3C200E8DE49 /* RootView.swift in Sources */ = {isa = PBXBuildFile; fileRef = E61D8A902B27C3C200E8DE49 /* RootView.swift */; };
		E61D8A952B27C3F800E8DE49 /* SignUpView.swift in Sources */ = {isa = PBXBuildFile; fileRef = E61D8A942B27C3F800E8DE49 /* SignUpView.swift */; };
		E61D8A972B27C41900E8DE49 /* SignInView.swift in Sources */ = {isa = PBXBuildFile; fileRef = E61D8A962B27C41900E8DE49 /* SignInView.swift */; };
		E61D8A992B27C48500E8DE49 /* HomeView.swift in Sources */ = {isa = PBXBuildFile; fileRef = E61D8A982B27C48500E8DE49 /* HomeView.swift */; };
		E61D8A9B2B27C6A500E8DE49 /* AuthView.swift in Sources */ = {isa = PBXBuildFile; fileRef = E61D8A9A2B27C6A500E8DE49 /* AuthView.swift */; };
/* End PBXBuildFile section */

/* Begin PBXFileReference section */
		3BCF2D502B2428C50077FE5F /* MapPage.swift */ = {isa = PBXFileReference; lastKnownFileType = sourcecode.swift; path = MapPage.swift; sourceTree = "<group>"; };
		3BCF2D522B242A5B0077FE5F /* LocationHelper.swift */ = {isa = PBXFileReference; lastKnownFileType = sourcecode.swift; path = LocationHelper.swift; sourceTree = "<group>"; };
		8442A9482B1671CA004DCC5A /* CollegeDelivery.app */ = {isa = PBXFileReference; explicitFileType = wrapper.application; includeInIndex = 0; path = CollegeDelivery.app; sourceTree = BUILT_PRODUCTS_DIR; };
		8442A94B2B1671CA004DCC5A /* CollegeDeliveryApp.swift */ = {isa = PBXFileReference; lastKnownFileType = sourcecode.swift; path = CollegeDeliveryApp.swift; sourceTree = "<group>"; };
		8442A94D2B1671CA004DCC5A /* ContentView.swift */ = {isa = PBXFileReference; lastKnownFileType = sourcecode.swift; path = ContentView.swift; sourceTree = "<group>"; };
		8442A94F2B1671CE004DCC5A /* Assets.xcassets */ = {isa = PBXFileReference; lastKnownFileType = folder.assetcatalog; path = Assets.xcassets; sourceTree = "<group>"; };
		8442A9522B1671CE004DCC5A /* Preview Assets.xcassets */ = {isa = PBXFileReference; lastKnownFileType = folder.assetcatalog; path = "Preview Assets.xcassets"; sourceTree = "<group>"; };
		8442A9592B17992D004DCC5A /* GoogleService-Info.plist */ = {isa = PBXFileReference; fileEncoding = 4; lastKnownFileType = text.plist.xml; path = "GoogleService-Info.plist"; sourceTree = "<group>"; };
		8442A9672B17B13D004DCC5A /* Item.swift */ = {isa = PBXFileReference; lastKnownFileType = sourcecode.swift; path = Item.swift; sourceTree = "<group>"; };
		84C9FD802B17B5D6001589A4 /* FireDBHelper.swift */ = {isa = PBXFileReference; lastKnownFileType = sourcecode.swift; path = FireDBHelper.swift; sourceTree = "<group>"; };
		84C9FD832B17BCE2001589A4 /* HomePage.swift */ = {isa = PBXFileReference; lastKnownFileType = sourcecode.swift; path = HomePage.swift; sourceTree = "<group>"; };
		84C9FD852B17BD17001589A4 /* ItemListingPage.swift */ = {isa = PBXFileReference; lastKnownFileType = sourcecode.swift; path = ItemListingPage.swift; sourceTree = "<group>"; };
		84C9FD872B17BDF2001589A4 /* PostItemPage.swift */ = {isa = PBXFileReference; lastKnownFileType = sourcecode.swift; path = PostItemPage.swift; sourceTree = "<group>"; };
		84C9FD892B17BE2C001589A4 /* RequestManagementPage.swift */ = {isa = PBXFileReference; lastKnownFileType = sourcecode.swift; path = RequestManagementPage.swift; sourceTree = "<group>"; };
		E61D8A8E2B2774DA00E8DE49 /* ManageItems.swift */ = {isa = PBXFileReference; lastKnownFileType = sourcecode.swift; path = ManageItems.swift; sourceTree = "<group>"; };
		E61D8A902B27C3C200E8DE49 /* RootView.swift */ = {isa = PBXFileReference; lastKnownFileType = sourcecode.swift; path = RootView.swift; sourceTree = "<group>"; };
		E61D8A942B27C3F800E8DE49 /* SignUpView.swift */ = {isa = PBXFileReference; lastKnownFileType = sourcecode.swift; path = SignUpView.swift; sourceTree = "<group>"; };
		E61D8A962B27C41900E8DE49 /* SignInView.swift */ = {isa = PBXFileReference; lastKnownFileType = sourcecode.swift; path = SignInView.swift; sourceTree = "<group>"; };
		E61D8A982B27C48500E8DE49 /* HomeView.swift */ = {isa = PBXFileReference; lastKnownFileType = sourcecode.swift; path = HomeView.swift; sourceTree = "<group>"; };
		E61D8A9A2B27C6A500E8DE49 /* AuthView.swift */ = {isa = PBXFileReference; lastKnownFileType = sourcecode.swift; path = AuthView.swift; sourceTree = "<group>"; };
/* End PBXFileReference section */

/* Begin PBXFrameworksBuildPhase section */
		8442A9452B1671CA004DCC5A /* Frameworks */ = {
			isa = PBXFrameworksBuildPhase;
			buildActionMask = 2147483647;
			files = (
				3BCF2D432B23F6F40077FE5F /* FirebaseMessaging in Frameworks */,
				3BCF2D332B23F6F40077FE5F /* FirebaseFirestoreCombine-Community in Frameworks */,
				3BCF2D2B2B23F6F40077FE5F /* FirebaseDatabase in Frameworks */,
				8442A9612B17A67D004DCC5A /* FirebaseAnalyticsSwift in Frameworks */,
				3BCF2D4B2B23F6F40077FE5F /* FirebaseStorage in Frameworks */,
				8442A95D2B17A67D004DCC5A /* FirebaseAnalytics in Frameworks */,
				3BCF2D192B23F6F30077FE5F /* FirebaseAnalytics in Frameworks */,
				3BCF2D292B23F6F30077FE5F /* FirebaseCrashlytics in Frameworks */,
				3BCF2D312B23F6F40077FE5F /* FirebaseFirestore in Frameworks */,
				3BCF2D2F2B23F6F40077FE5F /* FirebaseDynamicLinks in Frameworks */,
				3BCF2D4D2B23F6F40077FE5F /* FirebaseStorageCombine-Community in Frameworks */,
				3BCF2D1B2B23F6F30077FE5F /* FirebaseAnalyticsOnDeviceConversion in Frameworks */,
				3BCF2D392B23F6F40077FE5F /* FirebaseFunctionsCombine-Community in Frameworks */,
				3BCF2D3D2B23F6F40077FE5F /* FirebaseInAppMessagingSwift-Beta in Frameworks */,
				3BCF2D412B23F6F40077FE5F /* FirebaseMLModelDownloader in Frameworks */,
				3BCF2D3B2B23F6F40077FE5F /* FirebaseInAppMessaging-Beta in Frameworks */,
				3BCF2D452B23F6F40077FE5F /* FirebasePerformance in Frameworks */,
				3BCF2D272B23F6F30077FE5F /* FirebaseAuthCombine-Community in Frameworks */,
				3BCF2D1D2B23F6F30077FE5F /* FirebaseAnalyticsSwift in Frameworks */,
				3BCF2D2D2B23F6F40077FE5F /* FirebaseDatabaseSwift in Frameworks */,
				8442A95F2B17A67D004DCC5A /* FirebaseAnalyticsOnDeviceConversion in Frameworks */,
				3BCF2D472B23F6F40077FE5F /* FirebaseRemoteConfig in Frameworks */,
				8442A9652B17A67D004DCC5A /* FirebaseAppCheck in Frameworks */,
				3BCF2D252B23F6F30077FE5F /* FirebaseAuth in Frameworks */,
				3BCF2D372B23F6F40077FE5F /* FirebaseFunctions in Frameworks */,
				3BCF2D3F2B23F6F40077FE5F /* FirebaseInstallations in Frameworks */,
				3BCF2D352B23F6F40077FE5F /* FirebaseFirestoreSwift in Frameworks */,
				3BCF2D1F2B23F6F30077FE5F /* FirebaseAnalyticsWithoutAdIdSupport in Frameworks */,
				3BCF2D212B23F6F30077FE5F /* FirebaseAppCheck in Frameworks */,
				3BCF2D492B23F6F40077FE5F /* FirebaseRemoteConfigSwift in Frameworks */,
				3BCF2D232B23F6F30077FE5F /* FirebaseAppDistribution-Beta in Frameworks */,
				8442A9632B17A67D004DCC5A /* FirebaseAnalyticsWithoutAdIdSupport in Frameworks */,
			);
			runOnlyForDeploymentPostprocessing = 0;
		};
/* End PBXFrameworksBuildPhase section */

/* Begin PBXGroup section */
		8442A93F2B1671CA004DCC5A = {
			isa = PBXGroup;
			children = (
				8442A94A2B1671CA004DCC5A /* CollegeDelivery */,
				8442A9492B1671CA004DCC5A /* Products */,
			);
			sourceTree = "<group>";
		};
		8442A9492B1671CA004DCC5A /* Products */ = {
			isa = PBXGroup;
			children = (
				8442A9482B1671CA004DCC5A /* CollegeDelivery.app */,
			);
			name = Products;
			sourceTree = "<group>";
		};
		8442A94A2B1671CA004DCC5A /* CollegeDelivery */ = {
			isa = PBXGroup;
			children = (
				84C9FD822B17BC87001589A4 /* views */,
				84C9FD7F2B17B5B4001589A4 /* helpers */,
				8442A9662B17B11E004DCC5A /* models */,
				8442A94B2B1671CA004DCC5A /* CollegeDeliveryApp.swift */,
				8442A94D2B1671CA004DCC5A /* ContentView.swift */,
				8442A94F2B1671CE004DCC5A /* Assets.xcassets */,
				8442A9592B17992D004DCC5A /* GoogleService-Info.plist */,
				8442A9512B1671CE004DCC5A /* Preview Content */,
			);
			path = CollegeDelivery;
			sourceTree = "<group>";
		};
		8442A9512B1671CE004DCC5A /* Preview Content */ = {
			isa = PBXGroup;
			children = (
				8442A9522B1671CE004DCC5A /* Preview Assets.xcassets */,
			);
			path = "Preview Content";
			sourceTree = "<group>";
		};
		8442A9662B17B11E004DCC5A /* models */ = {
			isa = PBXGroup;
			children = (
				8442A9672B17B13D004DCC5A /* Item.swift */,
			);
			path = models;
			sourceTree = "<group>";
		};
		84C9FD7F2B17B5B4001589A4 /* helpers */ = {
			isa = PBXGroup;
			children = (
				84C9FD802B17B5D6001589A4 /* FireDBHelper.swift */,
				3BCF2D522B242A5B0077FE5F /* LocationHelper.swift */,
			);
			path = helpers;
			sourceTree = "<group>";
		};
		84C9FD822B17BC87001589A4 /* views */ = {
			isa = PBXGroup;
			children = (
				84C9FD832B17BCE2001589A4 /* HomePage.swift */,
				84C9FD852B17BD17001589A4 /* ItemListingPage.swift */,
				84C9FD872B17BDF2001589A4 /* PostItemPage.swift */,
				E61D8A8E2B2774DA00E8DE49 /* ManageItems.swift */,
				84C9FD892B17BE2C001589A4 /* RequestManagementPage.swift */,
				3BCF2D502B2428C50077FE5F /* MapPage.swift */,
				E61D8A902B27C3C200E8DE49 /* RootView.swift */,
				E61D8A942B27C3F800E8DE49 /* SignUpView.swift */,
				E61D8A982B27C48500E8DE49 /* HomeView.swift */,
				E61D8A9A2B27C6A500E8DE49 /* AuthView.swift */,
				E61D8A962B27C41900E8DE49 /* SignInView.swift */,
			);
			path = views;
			sourceTree = "<group>";
		};
/* End PBXGroup section */

/* Begin PBXNativeTarget section */
		8442A9472B1671CA004DCC5A /* CollegeDelivery */ = {
			isa = PBXNativeTarget;
			buildConfigurationList = 8442A9562B1671CE004DCC5A /* Build configuration list for PBXNativeTarget "CollegeDelivery" */;
			buildPhases = (
				8442A9442B1671CA004DCC5A /* Sources */,
				8442A9452B1671CA004DCC5A /* Frameworks */,
				8442A9462B1671CA004DCC5A /* Resources */,
			);
			buildRules = (
			);
			dependencies = (
			);
			name = CollegeDelivery;
			packageProductDependencies = (
				8442A95C2B17A67D004DCC5A /* FirebaseAnalytics */,
				8442A95E2B17A67D004DCC5A /* FirebaseAnalyticsOnDeviceConversion */,
				8442A9602B17A67D004DCC5A /* FirebaseAnalyticsSwift */,
				8442A9622B17A67D004DCC5A /* FirebaseAnalyticsWithoutAdIdSupport */,
				8442A9642B17A67D004DCC5A /* FirebaseAppCheck */,
				3BCF2D182B23F6F30077FE5F /* FirebaseAnalytics */,
				3BCF2D1A2B23F6F30077FE5F /* FirebaseAnalyticsOnDeviceConversion */,
				3BCF2D1C2B23F6F30077FE5F /* FirebaseAnalyticsSwift */,
				3BCF2D1E2B23F6F30077FE5F /* FirebaseAnalyticsWithoutAdIdSupport */,
				3BCF2D202B23F6F30077FE5F /* FirebaseAppCheck */,
				3BCF2D222B23F6F30077FE5F /* FirebaseAppDistribution-Beta */,
				3BCF2D242B23F6F30077FE5F /* FirebaseAuth */,
				3BCF2D262B23F6F30077FE5F /* FirebaseAuthCombine-Community */,
				3BCF2D282B23F6F30077FE5F /* FirebaseCrashlytics */,
				3BCF2D2A2B23F6F30077FE5F /* FirebaseDatabase */,
				3BCF2D2C2B23F6F40077FE5F /* FirebaseDatabaseSwift */,
				3BCF2D2E2B23F6F40077FE5F /* FirebaseDynamicLinks */,
				3BCF2D302B23F6F40077FE5F /* FirebaseFirestore */,
				3BCF2D322B23F6F40077FE5F /* FirebaseFirestoreCombine-Community */,
				3BCF2D342B23F6F40077FE5F /* FirebaseFirestoreSwift */,
				3BCF2D362B23F6F40077FE5F /* FirebaseFunctions */,
				3BCF2D382B23F6F40077FE5F /* FirebaseFunctionsCombine-Community */,
				3BCF2D3A2B23F6F40077FE5F /* FirebaseInAppMessaging-Beta */,
				3BCF2D3C2B23F6F40077FE5F /* FirebaseInAppMessagingSwift-Beta */,
				3BCF2D3E2B23F6F40077FE5F /* FirebaseInstallations */,
				3BCF2D402B23F6F40077FE5F /* FirebaseMLModelDownloader */,
				3BCF2D422B23F6F40077FE5F /* FirebaseMessaging */,
				3BCF2D442B23F6F40077FE5F /* FirebasePerformance */,
				3BCF2D462B23F6F40077FE5F /* FirebaseRemoteConfig */,
				3BCF2D482B23F6F40077FE5F /* FirebaseRemoteConfigSwift */,
				3BCF2D4A2B23F6F40077FE5F /* FirebaseStorage */,
				3BCF2D4C2B23F6F40077FE5F /* FirebaseStorageCombine-Community */,
			);
			productName = CollegeDelivery;
			productReference = 8442A9482B1671CA004DCC5A /* CollegeDelivery.app */;
			productType = "com.apple.product-type.application";
		};
/* End PBXNativeTarget section */

/* Begin PBXProject section */
		8442A9402B1671CA004DCC5A /* Project object */ = {
			isa = PBXProject;
			attributes = {
				BuildIndependentTargetsInParallel = 1;
				LastSwiftUpdateCheck = 1500;
				LastUpgradeCheck = 1500;
				TargetAttributes = {
					8442A9472B1671CA004DCC5A = {
						CreatedOnToolsVersion = 15.0.1;
					};
				};
			};
			buildConfigurationList = 8442A9432B1671CA004DCC5A /* Build configuration list for PBXProject "CollegeDelivery" */;
			compatibilityVersion = "Xcode 14.0";
			developmentRegion = en;
			hasScannedForEncodings = 0;
			knownRegions = (
				en,
				Base,
			);
			mainGroup = 8442A93F2B1671CA004DCC5A;
			packageReferences = (
				8442A95B2B17A67D004DCC5A /* XCRemoteSwiftPackageReference "firebase-ios-sdk" */,
			);
			productRefGroup = 8442A9492B1671CA004DCC5A /* Products */;
			projectDirPath = "";
			projectRoot = "";
			targets = (
				8442A9472B1671CA004DCC5A /* CollegeDelivery */,
			);
		};
/* End PBXProject section */

/* Begin PBXResourcesBuildPhase section */
		8442A9462B1671CA004DCC5A /* Resources */ = {
			isa = PBXResourcesBuildPhase;
			buildActionMask = 2147483647;
			files = (
				8442A9532B1671CE004DCC5A /* Preview Assets.xcassets in Resources */,
				8442A9502B1671CE004DCC5A /* Assets.xcassets in Resources */,
				8442A95A2B17992D004DCC5A /* GoogleService-Info.plist in Resources */,
			);
			runOnlyForDeploymentPostprocessing = 0;
		};
/* End PBXResourcesBuildPhase section */

/* Begin PBXSourcesBuildPhase section */
		8442A9442B1671CA004DCC5A /* Sources */ = {
			isa = PBXSourcesBuildPhase;
			buildActionMask = 2147483647;
			files = (
				84C9FD882B17BDF2001589A4 /* PostItemPage.swift in Sources */,
				84C9FD8A2B17BE2C001589A4 /* RequestManagementPage.swift in Sources */,
				84C9FD842B17BCE2001589A4 /* HomePage.swift in Sources */,
				E61D8A992B27C48500E8DE49 /* HomeView.swift in Sources */,
				8442A9682B17B13D004DCC5A /* Item.swift in Sources */,
				3BCF2D532B242A5B0077FE5F /* LocationHelper.swift in Sources */,
				E61D8A9B2B27C6A500E8DE49 /* AuthView.swift in Sources */,
				84C9FD862B17BD17001589A4 /* ItemListingPage.swift in Sources */,
				84C9FD812B17B5D6001589A4 /* FireDBHelper.swift in Sources */,
				8442A94E2B1671CA004DCC5A /* ContentView.swift in Sources */,
				E61D8A972B27C41900E8DE49 /* SignInView.swift in Sources */,
				E61D8A912B27C3C200E8DE49 /* RootView.swift in Sources */,
				E61D8A952B27C3F800E8DE49 /* SignUpView.swift in Sources */,
				E61D8A8F2B2774DA00E8DE49 /* ManageItems.swift in Sources */,
				3BCF2D512B2428C50077FE5F /* MapPage.swift in Sources */,
				8442A94C2B1671CA004DCC5A /* CollegeDeliveryApp.swift in Sources */,
			);
			runOnlyForDeploymentPostprocessing = 0;
		};
/* End PBXSourcesBuildPhase section */

/* Begin XCBuildConfiguration section */
		8442A9542B1671CE004DCC5A /* Debug */ = {
			isa = XCBuildConfiguration;
			buildSettings = {
				ALWAYS_SEARCH_USER_PATHS = NO;
				ASSETCATALOG_COMPILER_GENERATE_SWIFT_ASSET_SYMBOL_EXTENSIONS = YES;
				CLANG_ANALYZER_NONNULL = YES;
				CLANG_ANALYZER_NUMBER_OBJECT_CONVERSION = YES_AGGRESSIVE;
				CLANG_CXX_LANGUAGE_STANDARD = "gnu++20";
				CLANG_ENABLE_MODULES = YES;
				CLANG_ENABLE_OBJC_ARC = YES;
				CLANG_ENABLE_OBJC_WEAK = YES;
				CLANG_WARN_BLOCK_CAPTURE_AUTORELEASING = YES;
				CLANG_WARN_BOOL_CONVERSION = YES;
				CLANG_WARN_COMMA = YES;
				CLANG_WARN_CONSTANT_CONVERSION = YES;
				CLANG_WARN_DEPRECATED_OBJC_IMPLEMENTATIONS = YES;
				CLANG_WARN_DIRECT_OBJC_ISA_USAGE = YES_ERROR;
				CLANG_WARN_DOCUMENTATION_COMMENTS = YES;
				CLANG_WARN_EMPTY_BODY = YES;
				CLANG_WARN_ENUM_CONVERSION = YES;
				CLANG_WARN_INFINITE_RECURSION = YES;
				CLANG_WARN_INT_CONVERSION = YES;
				CLANG_WARN_NON_LITERAL_NULL_CONVERSION = YES;
				CLANG_WARN_OBJC_IMPLICIT_RETAIN_SELF = YES;
				CLANG_WARN_OBJC_LITERAL_CONVERSION = YES;
				CLANG_WARN_OBJC_ROOT_CLASS = YES_ERROR;
				CLANG_WARN_QUOTED_INCLUDE_IN_FRAMEWORK_HEADER = YES;
				CLANG_WARN_RANGE_LOOP_ANALYSIS = YES;
				CLANG_WARN_STRICT_PROTOTYPES = YES;
				CLANG_WARN_SUSPICIOUS_MOVE = YES;
				CLANG_WARN_UNGUARDED_AVAILABILITY = YES_AGGRESSIVE;
				CLANG_WARN_UNREACHABLE_CODE = YES;
				CLANG_WARN__DUPLICATE_METHOD_MATCH = YES;
				COPY_PHASE_STRIP = NO;
				DEBUG_INFORMATION_FORMAT = dwarf;
				ENABLE_STRICT_OBJC_MSGSEND = YES;
				ENABLE_TESTABILITY = YES;
				ENABLE_USER_SCRIPT_SANDBOXING = YES;
				GCC_C_LANGUAGE_STANDARD = gnu17;
				GCC_DYNAMIC_NO_PIC = NO;
				GCC_NO_COMMON_BLOCKS = YES;
				GCC_OPTIMIZATION_LEVEL = 0;
				GCC_PREPROCESSOR_DEFINITIONS = (
					"DEBUG=1",
					"$(inherited)",
				);
				GCC_WARN_64_TO_32_BIT_CONVERSION = YES;
				GCC_WARN_ABOUT_RETURN_TYPE = YES_ERROR;
				GCC_WARN_UNDECLARED_SELECTOR = YES;
				GCC_WARN_UNINITIALIZED_AUTOS = YES_AGGRESSIVE;
				GCC_WARN_UNUSED_FUNCTION = YES;
				GCC_WARN_UNUSED_VARIABLE = YES;
				IPHONEOS_DEPLOYMENT_TARGET = 17.0;
				LOCALIZATION_PREFERS_STRING_CATALOGS = YES;
				MTL_ENABLE_DEBUG_INFO = INCLUDE_SOURCE;
				MTL_FAST_MATH = YES;
				ONLY_ACTIVE_ARCH = YES;
				SDKROOT = iphoneos;
				SWIFT_ACTIVE_COMPILATION_CONDITIONS = "DEBUG $(inherited)";
				SWIFT_OPTIMIZATION_LEVEL = "-Onone";
			};
			name = Debug;
		};
		8442A9552B1671CE004DCC5A /* Release */ = {
			isa = XCBuildConfiguration;
			buildSettings = {
				ALWAYS_SEARCH_USER_PATHS = NO;
				ASSETCATALOG_COMPILER_GENERATE_SWIFT_ASSET_SYMBOL_EXTENSIONS = YES;
				CLANG_ANALYZER_NONNULL = YES;
				CLANG_ANALYZER_NUMBER_OBJECT_CONVERSION = YES_AGGRESSIVE;
				CLANG_CXX_LANGUAGE_STANDARD = "gnu++20";
				CLANG_ENABLE_MODULES = YES;
				CLANG_ENABLE_OBJC_ARC = YES;
				CLANG_ENABLE_OBJC_WEAK = YES;
				CLANG_WARN_BLOCK_CAPTURE_AUTORELEASING = YES;
				CLANG_WARN_BOOL_CONVERSION = YES;
				CLANG_WARN_COMMA = YES;
				CLANG_WARN_CONSTANT_CONVERSION = YES;
				CLANG_WARN_DEPRECATED_OBJC_IMPLEMENTATIONS = YES;
				CLANG_WARN_DIRECT_OBJC_ISA_USAGE = YES_ERROR;
				CLANG_WARN_DOCUMENTATION_COMMENTS = YES;
				CLANG_WARN_EMPTY_BODY = YES;
				CLANG_WARN_ENUM_CONVERSION = YES;
				CLANG_WARN_INFINITE_RECURSION = YES;
				CLANG_WARN_INT_CONVERSION = YES;
				CLANG_WARN_NON_LITERAL_NULL_CONVERSION = YES;
				CLANG_WARN_OBJC_IMPLICIT_RETAIN_SELF = YES;
				CLANG_WARN_OBJC_LITERAL_CONVERSION = YES;
				CLANG_WARN_OBJC_ROOT_CLASS = YES_ERROR;
				CLANG_WARN_QUOTED_INCLUDE_IN_FRAMEWORK_HEADER = YES;
				CLANG_WARN_RANGE_LOOP_ANALYSIS = YES;
				CLANG_WARN_STRICT_PROTOTYPES = YES;
				CLANG_WARN_SUSPICIOUS_MOVE = YES;
				CLANG_WARN_UNGUARDED_AVAILABILITY = YES_AGGRESSIVE;
				CLANG_WARN_UNREACHABLE_CODE = YES;
				CLANG_WARN__DUPLICATE_METHOD_MATCH = YES;
				COPY_PHASE_STRIP = NO;
				DEBUG_INFORMATION_FORMAT = "dwarf-with-dsym";
				ENABLE_NS_ASSERTIONS = NO;
				ENABLE_STRICT_OBJC_MSGSEND = YES;
				ENABLE_USER_SCRIPT_SANDBOXING = YES;
				GCC_C_LANGUAGE_STANDARD = gnu17;
				GCC_NO_COMMON_BLOCKS = YES;
				GCC_WARN_64_TO_32_BIT_CONVERSION = YES;
				GCC_WARN_ABOUT_RETURN_TYPE = YES_ERROR;
				GCC_WARN_UNDECLARED_SELECTOR = YES;
				GCC_WARN_UNINITIALIZED_AUTOS = YES_AGGRESSIVE;
				GCC_WARN_UNUSED_FUNCTION = YES;
				GCC_WARN_UNUSED_VARIABLE = YES;
				IPHONEOS_DEPLOYMENT_TARGET = 17.0;
				LOCALIZATION_PREFERS_STRING_CATALOGS = YES;
				MTL_ENABLE_DEBUG_INFO = NO;
				MTL_FAST_MATH = YES;
				SDKROOT = iphoneos;
				SWIFT_COMPILATION_MODE = wholemodule;
				VALIDATE_PRODUCT = YES;
			};
			name = Release;
		};
		8442A9572B1671CE004DCC5A /* Debug */ = {
			isa = XCBuildConfiguration;
			buildSettings = {
				ASSETCATALOG_COMPILER_APPICON_NAME = AppIcon;
				ASSETCATALOG_COMPILER_GLOBAL_ACCENT_COLOR_NAME = AccentColor;
				CODE_SIGN_STYLE = Automatic;
				CURRENT_PROJECT_VERSION = 1;
				DEVELOPMENT_ASSET_PATHS = "\"CollegeDelivery/Preview Content\"";
				DEVELOPMENT_TEAM = 65DY6FY3W5;
				ENABLE_PREVIEWS = YES;
				GENERATE_INFOPLIST_FILE = YES;
				INFOPLIST_KEY_NSLocationAlwaysAndWhenInUseUsageDescription = "";
				INFOPLIST_KEY_NSLocationWhenInUseUsageDescription = "";
				INFOPLIST_KEY_UIApplicationSceneManifest_Generation = YES;
				INFOPLIST_KEY_UIApplicationSupportsIndirectInputEvents = YES;
				INFOPLIST_KEY_UILaunchScreen_Generation = YES;
				INFOPLIST_KEY_UISupportedInterfaceOrientations_iPad = "UIInterfaceOrientationPortrait UIInterfaceOrientationPortraitUpsideDown UIInterfaceOrientationLandscapeLeft UIInterfaceOrientationLandscapeRight";
				INFOPLIST_KEY_UISupportedInterfaceOrientations_iPhone = "UIInterfaceOrientationPortrait UIInterfaceOrientationLandscapeLeft UIInterfaceOrientationLandscapeRight";
				LD_RUNPATH_SEARCH_PATHS = (
					"$(inherited)",
					"@executable_path/Frameworks",
				);
				MARKETING_VERSION = 1.0;
				PRODUCT_BUNDLE_IDENTIFIER = com.ms.CollegeDelivery;
				PRODUCT_NAME = "$(TARGET_NAME)";
				SWIFT_EMIT_LOC_STRINGS = YES;
				SWIFT_VERSION = 5.0;
				TARGETED_DEVICE_FAMILY = "1,2";
			};
			name = Debug;
		};
		8442A9582B1671CE004DCC5A /* Release */ = {
			isa = XCBuildConfiguration;
			buildSettings = {
				ASSETCATALOG_COMPILER_APPICON_NAME = AppIcon;
				ASSETCATALOG_COMPILER_GLOBAL_ACCENT_COLOR_NAME = AccentColor;
				CODE_SIGN_STYLE = Automatic;
				CURRENT_PROJECT_VERSION = 1;
				DEVELOPMENT_ASSET_PATHS = "\"CollegeDelivery/Preview Content\"";
				DEVELOPMENT_TEAM = 65DY6FY3W5;
				ENABLE_PREVIEWS = YES;
				GENERATE_INFOPLIST_FILE = YES;
				INFOPLIST_KEY_NSLocationAlwaysAndWhenInUseUsageDescription = "";
				INFOPLIST_KEY_NSLocationWhenInUseUsageDescription = "";
				INFOPLIST_KEY_UIApplicationSceneManifest_Generation = YES;
				INFOPLIST_KEY_UIApplicationSupportsIndirectInputEvents = YES;
				INFOPLIST_KEY_UILaunchScreen_Generation = YES;
				INFOPLIST_KEY_UISupportedInterfaceOrientations_iPad = "UIInterfaceOrientationPortrait UIInterfaceOrientationPortraitUpsideDown UIInterfaceOrientationLandscapeLeft UIInterfaceOrientationLandscapeRight";
				INFOPLIST_KEY_UISupportedInterfaceOrientations_iPhone = "UIInterfaceOrientationPortrait UIInterfaceOrientationLandscapeLeft UIInterfaceOrientationLandscapeRight";
				LD_RUNPATH_SEARCH_PATHS = (
					"$(inherited)",
					"@executable_path/Frameworks",
				);
				MARKETING_VERSION = 1.0;
				PRODUCT_BUNDLE_IDENTIFIER = com.ms.CollegeDelivery;
				PRODUCT_NAME = "$(TARGET_NAME)";
				SWIFT_EMIT_LOC_STRINGS = YES;
				SWIFT_VERSION = 5.0;
				TARGETED_DEVICE_FAMILY = "1,2";
			};
			name = Release;
		};
/* End XCBuildConfiguration section */

/* Begin XCConfigurationList section */
		8442A9432B1671CA004DCC5A /* Build configuration list for PBXProject "CollegeDelivery" */ = {
			isa = XCConfigurationList;
			buildConfigurations = (
				8442A9542B1671CE004DCC5A /* Debug */,
				8442A9552B1671CE004DCC5A /* Release */,
			);
			defaultConfigurationIsVisible = 0;
			defaultConfigurationName = Release;
		};
		8442A9562B1671CE004DCC5A /* Build configuration list for PBXNativeTarget "CollegeDelivery" */ = {
			isa = XCConfigurationList;
			buildConfigurations = (
				8442A9572B1671CE004DCC5A /* Debug */,
				8442A9582B1671CE004DCC5A /* Release */,
			);
			defaultConfigurationIsVisible = 0;
			defaultConfigurationName = Release;
		};
/* End XCConfigurationList section */

/* Begin XCRemoteSwiftPackageReference section */
		8442A95B2B17A67D004DCC5A /* XCRemoteSwiftPackageReference "firebase-ios-sdk" */ = {
			isa = XCRemoteSwiftPackageReference;
			repositoryURL = "https://github.com/firebase/firebase-ios-sdk";
			requirement = {
				kind = upToNextMajorVersion;
				minimumVersion = 10.18.0;
			};
		};
/* End XCRemoteSwiftPackageReference section */

/* Begin XCSwiftPackageProductDependency section */
		3BCF2D182B23F6F30077FE5F /* FirebaseAnalytics */ = {
			isa = XCSwiftPackageProductDependency;
			package = 8442A95B2B17A67D004DCC5A /* XCRemoteSwiftPackageReference "firebase-ios-sdk" */;
			productName = FirebaseAnalytics;
		};
		3BCF2D1A2B23F6F30077FE5F /* FirebaseAnalyticsOnDeviceConversion */ = {
			isa = XCSwiftPackageProductDependency;
			package = 8442A95B2B17A67D004DCC5A /* XCRemoteSwiftPackageReference "firebase-ios-sdk" */;
			productName = FirebaseAnalyticsOnDeviceConversion;
		};
		3BCF2D1C2B23F6F30077FE5F /* FirebaseAnalyticsSwift */ = {
			isa = XCSwiftPackageProductDependency;
			package = 8442A95B2B17A67D004DCC5A /* XCRemoteSwiftPackageReference "firebase-ios-sdk" */;
			productName = FirebaseAnalyticsSwift;
		};
		3BCF2D1E2B23F6F30077FE5F /* FirebaseAnalyticsWithoutAdIdSupport */ = {
			isa = XCSwiftPackageProductDependency;
			package = 8442A95B2B17A67D004DCC5A /* XCRemoteSwiftPackageReference "firebase-ios-sdk" */;
			productName = FirebaseAnalyticsWithoutAdIdSupport;
		};
		3BCF2D202B23F6F30077FE5F /* FirebaseAppCheck */ = {
			isa = XCSwiftPackageProductDependency;
			package = 8442A95B2B17A67D004DCC5A /* XCRemoteSwiftPackageReference "firebase-ios-sdk" */;
			productName = FirebaseAppCheck;
		};
		3BCF2D222B23F6F30077FE5F /* FirebaseAppDistribution-Beta */ = {
			isa = XCSwiftPackageProductDependency;
			package = 8442A95B2B17A67D004DCC5A /* XCRemoteSwiftPackageReference "firebase-ios-sdk" */;
			productName = "FirebaseAppDistribution-Beta";
		};
		3BCF2D242B23F6F30077FE5F /* FirebaseAuth */ = {
			isa = XCSwiftPackageProductDependency;
			package = 8442A95B2B17A67D004DCC5A /* XCRemoteSwiftPackageReference "firebase-ios-sdk" */;
			productName = FirebaseAuth;
		};
		3BCF2D262B23F6F30077FE5F /* FirebaseAuthCombine-Community */ = {
			isa = XCSwiftPackageProductDependency;
			package = 8442A95B2B17A67D004DCC5A /* XCRemoteSwiftPackageReference "firebase-ios-sdk" */;
			productName = "FirebaseAuthCombine-Community";
		};
		3BCF2D282B23F6F30077FE5F /* FirebaseCrashlytics */ = {
			isa = XCSwiftPackageProductDependency;
			package = 8442A95B2B17A67D004DCC5A /* XCRemoteSwiftPackageReference "firebase-ios-sdk" */;
			productName = FirebaseCrashlytics;
		};
		3BCF2D2A2B23F6F30077FE5F /* FirebaseDatabase */ = {
			isa = XCSwiftPackageProductDependency;
			package = 8442A95B2B17A67D004DCC5A /* XCRemoteSwiftPackageReference "firebase-ios-sdk" */;
			productName = FirebaseDatabase;
		};
		3BCF2D2C2B23F6F40077FE5F /* FirebaseDatabaseSwift */ = {
			isa = XCSwiftPackageProductDependency;
			package = 8442A95B2B17A67D004DCC5A /* XCRemoteSwiftPackageReference "firebase-ios-sdk" */;
			productName = FirebaseDatabaseSwift;
		};
		3BCF2D2E2B23F6F40077FE5F /* FirebaseDynamicLinks */ = {
			isa = XCSwiftPackageProductDependency;
			package = 8442A95B2B17A67D004DCC5A /* XCRemoteSwiftPackageReference "firebase-ios-sdk" */;
			productName = FirebaseDynamicLinks;
		};
		3BCF2D302B23F6F40077FE5F /* FirebaseFirestore */ = {
			isa = XCSwiftPackageProductDependency;
			package = 8442A95B2B17A67D004DCC5A /* XCRemoteSwiftPackageReference "firebase-ios-sdk" */;
			productName = FirebaseFirestore;
		};
		3BCF2D322B23F6F40077FE5F /* FirebaseFirestoreCombine-Community */ = {
			isa = XCSwiftPackageProductDependency;
			package = 8442A95B2B17A67D004DCC5A /* XCRemoteSwiftPackageReference "firebase-ios-sdk" */;
			productName = "FirebaseFirestoreCombine-Community";
		};
		3BCF2D342B23F6F40077FE5F /* FirebaseFirestoreSwift */ = {
			isa = XCSwiftPackageProductDependency;
			package = 8442A95B2B17A67D004DCC5A /* XCRemoteSwiftPackageReference "firebase-ios-sdk" */;
			productName = FirebaseFirestoreSwift;
		};
		3BCF2D362B23F6F40077FE5F /* FirebaseFunctions */ = {
			isa = XCSwiftPackageProductDependency;
			package = 8442A95B2B17A67D004DCC5A /* XCRemoteSwiftPackageReference "firebase-ios-sdk" */;
			productName = FirebaseFunctions;
		};
		3BCF2D382B23F6F40077FE5F /* FirebaseFunctionsCombine-Community */ = {
			isa = XCSwiftPackageProductDependency;
			package = 8442A95B2B17A67D004DCC5A /* XCRemoteSwiftPackageReference "firebase-ios-sdk" */;
			productName = "FirebaseFunctionsCombine-Community";
		};
		3BCF2D3A2B23F6F40077FE5F /* FirebaseInAppMessaging-Beta */ = {
			isa = XCSwiftPackageProductDependency;
			package = 8442A95B2B17A67D004DCC5A /* XCRemoteSwiftPackageReference "firebase-ios-sdk" */;
			productName = "FirebaseInAppMessaging-Beta";
		};
		3BCF2D3C2B23F6F40077FE5F /* FirebaseInAppMessagingSwift-Beta */ = {
			isa = XCSwiftPackageProductDependency;
			package = 8442A95B2B17A67D004DCC5A /* XCRemoteSwiftPackageReference "firebase-ios-sdk" */;
			productName = "FirebaseInAppMessagingSwift-Beta";
		};
		3BCF2D3E2B23F6F40077FE5F /* FirebaseInstallations */ = {
			isa = XCSwiftPackageProductDependency;
			package = 8442A95B2B17A67D004DCC5A /* XCRemoteSwiftPackageReference "firebase-ios-sdk" */;
			productName = FirebaseInstallations;
		};
		3BCF2D402B23F6F40077FE5F /* FirebaseMLModelDownloader */ = {
			isa = XCSwiftPackageProductDependency;
			package = 8442A95B2B17A67D004DCC5A /* XCRemoteSwiftPackageReference "firebase-ios-sdk" */;
			productName = FirebaseMLModelDownloader;
		};
		3BCF2D422B23F6F40077FE5F /* FirebaseMessaging */ = {
			isa = XCSwiftPackageProductDependency;
			package = 8442A95B2B17A67D004DCC5A /* XCRemoteSwiftPackageReference "firebase-ios-sdk" */;
			productName = FirebaseMessaging;
		};
		3BCF2D442B23F6F40077FE5F /* FirebasePerformance */ = {
			isa = XCSwiftPackageProductDependency;
			package = 8442A95B2B17A67D004DCC5A /* XCRemoteSwiftPackageReference "firebase-ios-sdk" */;
			productName = FirebasePerformance;
		};
		3BCF2D462B23F6F40077FE5F /* FirebaseRemoteConfig */ = {
			isa = XCSwiftPackageProductDependency;
			package = 8442A95B2B17A67D004DCC5A /* XCRemoteSwiftPackageReference "firebase-ios-sdk" */;
			productName = FirebaseRemoteConfig;
		};
		3BCF2D482B23F6F40077FE5F /* FirebaseRemoteConfigSwift */ = {
			isa = XCSwiftPackageProductDependency;
			package = 8442A95B2B17A67D004DCC5A /* XCRemoteSwiftPackageReference "firebase-ios-sdk" */;
			productName = FirebaseRemoteConfigSwift;
		};
		3BCF2D4A2B23F6F40077FE5F /* FirebaseStorage */ = {
			isa = XCSwiftPackageProductDependency;
			package = 8442A95B2B17A67D004DCC5A /* XCRemoteSwiftPackageReference "firebase-ios-sdk" */;
			productName = FirebaseStorage;
		};
		3BCF2D4C2B23F6F40077FE5F /* FirebaseStorageCombine-Community */ = {
			isa = XCSwiftPackageProductDependency;
			package = 8442A95B2B17A67D004DCC5A /* XCRemoteSwiftPackageReference "firebase-ios-sdk" */;
			productName = "FirebaseStorageCombine-Community";
		};
		8442A95C2B17A67D004DCC5A /* FirebaseAnalytics */ = {
			isa = XCSwiftPackageProductDependency;
			package = 8442A95B2B17A67D004DCC5A /* XCRemoteSwiftPackageReference "firebase-ios-sdk" */;
			productName = FirebaseAnalytics;
		};
		8442A95E2B17A67D004DCC5A /* FirebaseAnalyticsOnDeviceConversion */ = {
			isa = XCSwiftPackageProductDependency;
			package = 8442A95B2B17A67D004DCC5A /* XCRemoteSwiftPackageReference "firebase-ios-sdk" */;
			productName = FirebaseAnalyticsOnDeviceConversion;
		};
		8442A9602B17A67D004DCC5A /* FirebaseAnalyticsSwift */ = {
			isa = XCSwiftPackageProductDependency;
			package = 8442A95B2B17A67D004DCC5A /* XCRemoteSwiftPackageReference "firebase-ios-sdk" */;
			productName = FirebaseAnalyticsSwift;
		};
		8442A9622B17A67D004DCC5A /* FirebaseAnalyticsWithoutAdIdSupport */ = {
			isa = XCSwiftPackageProductDependency;
			package = 8442A95B2B17A67D004DCC5A /* XCRemoteSwiftPackageReference "firebase-ios-sdk" */;
			productName = FirebaseAnalyticsWithoutAdIdSupport;
		};
		8442A9642B17A67D004DCC5A /* FirebaseAppCheck */ = {
			isa = XCSwiftPackageProductDependency;
			package = 8442A95B2B17A67D004DCC5A /* XCRemoteSwiftPackageReference "firebase-ios-sdk" */;
			productName = FirebaseAppCheck;
		};
/* End XCSwiftPackageProductDependency section */
	};
	rootObject = 8442A9402B1671CA004DCC5A /* Project object */;
}
